Microsoft Visual Studio Solution File, Format Version 12.00
# Visual Studio Version 16
VisualStudioVersion = 16.0.28606.126
MinimumVisualStudioVersion = 15.0.26124.0
Project("{9A19103F-16F7-4668-BE54-9A1E7A4F7556}") = "BlazorDemo.Server", "HelloWorldDragDrop.Server\BlazorDemo.Server.csproj", "{2F4E1F50-9662-47E5-BABF-88925E9D7FCE}"
EndProject
Project("{9A19103F-16F7-4668-BE54-9A1E7A4F7556}") = "BlazorDemo.App", "BlazorDemo.App\BlazorDemo.App.csproj", "{80AE3BC5-9498-43D2-887B-419770CC046F}"
EndProject
Global
	GlobalSection(SolutionConfigurationPlatforms) = preSolution
		Debug|Any CPU = Debug|Any CPU
		Debug|x64 = Debug|x64
		Debug|x86 = Debug|x86
		Release|Any CPU = Release|Any CPU
		Release|x64 = Release|x64
		Release|x86 = Release|x86
	EndGlobalSection
	GlobalSection(ProjectConfigurationPlatforms) = postSolution
		{2F4E1F50-9662-47E5-BABF-88925E9D7FCE}.Debug|Any CPU.ActiveCfg = Debug|Any CPU
		{2F4E1F50-9662-47E5-BABF-88925E9D7FCE}.Debug|Any CPU.Build.0 = Debug|Any CPU
		{2F4E1F50-9662-47E5-BABF-88925E9D7FCE}.Debug|x64.ActiveCfg = Debug|Any CPU
		{2F4E1F50-9662-47E5-BABF-88925E9D7FCE}.Debug|x64.Build.0 = Debug|Any CPU
		{2F4E1F50-9662-47E5-BABF-88925E9D7FCE}.Debug|x86.ActiveCfg = Debug|Any CPU
		{2F4E1F50-9662-47E5-BABF-88925E9D7FCE}.Debug|x86.Build.0 = Debug|Any CPU
		{2F4E1F50-9662-47E5-BABF-88925E9D7FCE}.Release|Any CPU.ActiveCfg = Release|Any CPU
		{2F4E1F50-9662-47E5-BABF-88925E9D7FCE}.Release|Any CPU.Build.0 = Release|Any CPU
		{2F4E1F50-9662-47E5-BABF-88925E9D7FCE}.Release|x64.ActiveCfg = Release|Any CPU
		{2F4E1F50-9662-47E5-BABF-88925E9D7FCE}.Release|x64.Build.0 = Release|Any CPU
		{2F4E1F50-9662-47E5-BABF-88925E9D7FCE}.Release|x86.ActiveCfg = Release|Any CPU
		{2F4E1F50-9662-47E5-BABF-88925E9D7FCE}.Release|x86.Build.0 = Release|Any CPU
		{80AE3BC5-9498-43D2-887B-419770CC046F}.Debug|Any CPU.ActiveCfg = Debug|Any CPU
		{80AE3BC5-9498-43D2-887B-419770CC046F}.Debug|Any CPU.Build.0 = Debug|Any CPU
		{80AE3BC5-9498-43D2-887B-419770CC046F}.Debug|x64.ActiveCfg = Debug|Any CPU
		{80AE3BC5-9498-43D2-887B-419770CC046F}.Debug|x64.Build.0 = Debug|Any CPU
		{80AE3BC5-9498-43D2-887B-419770CC046F}.Debug|x86.ActiveCfg = Debug|Any CPU
		{80AE3BC5-9498-43D2-887B-419770CC046F}.Debug|x86.Build.0 = Debug|Any CPU
		{80AE3BC5-9498-43D2-887B-419770CC046F}.Release|Any CPU.ActiveCfg = Release|Any CPU
		{80AE3BC5-9498-43D2-887B-419770CC046F}.Release|Any CPU.Build.0 = Release|Any CPU
		{80AE3BC5-9498-43D2-887B-419770CC046F}.Release|x64.ActiveCfg = Release|Any CPU
		{80AE3BC5-9498-43D2-887B-419770CC046F}.Release|x64.Build.0 = Release|Any CPU
		{80AE3BC5-9498-43D2-887B-419770CC046F}.Release|x86.ActiveCfg = Release|Any CPU
		{80AE3BC5-9498-43D2-887B-419770CC046F}.Release|x86.Build.0 = Release|Any CPU
	EndGlobalSection
	GlobalSection(SolutionProperties) = preSolution
		HideSolutionNode = FALSE
	EndGlobalSection
	GlobalSection(ExtensibilityGlobals) = postSolution
		SolutionGuid = {D4039E9F-DB40-468C-9E9D-6CB39C89237B}
	EndGlobalSection
EndGlobal
